
Microsoft Visual Studio Solution File, Format Version 12.00
# Visual Studio Version 17
VisualStudioVersion = 17.3.32819.101
MinimumVisualStudioVersion = 10.0.40219.1
Project("{FAE04EC0-301F-11D3-BF4B-00C04F79EFBC}") = "LongestPalindromeChallenge", "LongestPalindromeChallenge\LongestPalindromeChallenge.csproj", "{98CB70D1-19EE-4FDA-911E-03A2B612D842}"
EndProject
Global
	GlobalSection(SolutionConfigurationPlatforms) = preSolution
		Debug|Any CPU = Debug|Any CPU
		Release|Any CPU = Release|Any CPU
	EndGlobalSection
	GlobalSection(ProjectConfigurationPlatforms) = postSolution
		{98CB70D1-19EE-4FDA-911E-03A2B612D842}.Debug|Any CPU.ActiveCfg = Debug|Any CPU
		{98CB70D1-19EE-4FDA-911E-03A2B612D842}.Debug|Any CPU.Build.0 = Debug|Any CPU
		{98CB70D1-19EE-4FDA-911E-03A2B612D842}.Release|Any CPU.ActiveCfg = Release|Any CPU
		{98CB70D1-19EE-4FDA-911E-03A2B612D842}.Release|Any CPU.Build.0 = Release|Any CPU
	EndGlobalSection
	GlobalSection(SolutionProperties) = preSolution
		HideSolutionNode = FALSE
	EndGlobalSection
	GlobalSection(ExtensibilityGlobals) = postSolution
		SolutionGuid = {D84F3AB6-3A78-4291-A7D5-B014C6E3AD9E}
	EndGlobalSection
EndGlobal
